
Microsoft Visual Studio Solution File, Format Version 12.00
# Visual Studio Version 16
VisualStudioVersion = 16.0.31112.23
MinimumVisualStudioVersion = 10.0.40219.1
Project("{FAE04EC0-301F-11D3-BF4B-00C04F79EFBC}") = "ProjetosCadastros", "ProjetosCadastros\ProjetosCadastros.csproj", "{F8EAD4C1-32E6-4CE8-951B-5991E9A04EF1}"
EndProject
Global
	GlobalSection(SolutionConfigurationPlatforms) = preSolution
		Debug|Any CPU = Debug|Any CPU
		Release|Any CPU = Release|Any CPU
	EndGlobalSection
	GlobalSection(ProjectConfigurationPlatforms) = postSolution
		{F8EAD4C1-32E6-4CE8-951B-5991E9A04EF1}.Debug|Any CPU.ActiveCfg = Debug|Any CPU
		{F8EAD4C1-32E6-4CE8-951B-5991E9A04EF1}.Debug|Any CPU.Build.0 = Debug|Any CPU
		{F8EAD4C1-32E6-4CE8-951B-5991E9A04EF1}.Release|Any CPU.ActiveCfg = Release|Any CPU
		{F8EAD4C1-32E6-4CE8-951B-5991E9A04EF1}.Release|Any CPU.Build.0 = Release|Any CPU
	EndGlobalSection
	GlobalSection(SolutionProperties) = preSolution
		HideSolutionNode = FALSE
	EndGlobalSection
	GlobalSection(ExtensibilityGlobals) = postSolution
		SolutionGuid = {50CF8ECC-13E4-4A3C-9121-0F26C4B13798}
	EndGlobalSection
EndGlobal
